
Microsoft Visual Studio Solution File, Format Version 12.00
# Visual Studio 2012
Project("{FAE04EC0-301F-11D3-BF4B-00C04F79EFBC}") = "Anagram", "Anagram\Anagram.csproj", "{809012F6-76A3-403A-82EE-92EBE80BE17B}"
EndProject
Project("{FAE04EC0-301F-11D3-BF4B-00C04F79EFBC}") = "Anagram.Tests", "Anagram.Tests\Anagram.Tests.csproj", "{10EAA45E-B1D9-45BC-A4D7-424B1DC8261C}"
EndProject
Global
	GlobalSection(SolutionConfigurationPlatforms) = preSolution
		Debug|Any CPU = Debug|Any CPU
		Release|Any CPU = Release|Any CPU
	EndGlobalSection
	GlobalSection(ProjectConfigurationPlatforms) = postSolution
		{809012F6-76A3-403A-82EE-92EBE80BE17B}.Debug|Any CPU.ActiveCfg = Debug|Any CPU
		{809012F6-76A3-403A-82EE-92EBE80BE17B}.Debug|Any CPU.Build.0 = Debug|Any CPU
		{809012F6-76A3-403A-82EE-92EBE80BE17B}.Release|Any CPU.ActiveCfg = Release|Any CPU
		{809012F6-76A3-403A-82EE-92EBE80BE17B}.Release|Any CPU.Build.0 = Release|Any CPU
		{10EAA45E-B1D9-45BC-A4D7-424B1DC8261C}.Debug|Any CPU.ActiveCfg = Debug|Any CPU
		{10EAA45E-B1D9-45BC-A4D7-424B1DC8261C}.Debug|Any CPU.Build.0 = Debug|Any CPU
		{10EAA45E-B1D9-45BC-A4D7-424B1DC8261C}.Release|Any CPU.ActiveCfg = Release|Any CPU
		{10EAA45E-B1D9-45BC-A4D7-424B1DC8261C}.Release|Any CPU.Build.0 = Release|Any CPU
	EndGlobalSection
EndGlobal
